
Microsoft Visual Studio Solution File, Format Version 12.00
# Visual Studio Version 17
VisualStudioVersion = 17.14.36429.23
MinimumVisualStudioVersion = 10.0.40219.1
Project("{FAE04EC0-301F-11D3-BF4B-00C04F79EFBC}") = "QuickBooksAPI", "QuickBooksAPI\QuickBooksAPI.csproj", "{09BF2FA5-33B4-429F-9DED-783806689C72}"
EndProject
Project("{FAE04EC0-301F-11D3-BF4B-00C04F79EFBC}") = "QuickBooksService", "QuickBooksService\QuickBooksService.csproj", "{4ADC5B71-4D58-40FD-9538-38F9B367F926}"
EndProject
Project("{FAE04EC0-301F-11D3-BF4B-00C04F79EFBC}") = "SyncWorker", "SyncWorker\SyncWorker.csproj", "{91367914-AA9B-4B41-B6A0-02742276D502}"
EndProject
Project("{2150E333-8FDC-42A3-9474-1A3956D46DE8}") = "tests", "tests", "{0AB3BF05-4346-4AA6-1389-037BE0695223}"
EndProject
Project("{FAE04EC0-301F-11D3-BF4B-00C04F79EFBC}") = "ArchitectureTests", "tests\ArchitectureTests\ArchitectureTests.csproj", "{262125B4-8A1D-44A7-89E6-FBC5E851D267}"
EndProject
Project("{2150E333-8FDC-42A3-9474-1A3956D46DE8}") = "Contracts", "Contracts", "{A73F2606-6D4C-3EEE-1759-0E59DCFEF523}"
EndProject
Project("{FAE04EC0-301F-11D3-BF4B-00C04F79EFBC}") = "QuickBooksShared", "Contracts\QuickBooksShared\QuickBooksShared.csproj", "{07DC7AE4-02DD-44F7-B4EF-DF437C2BFAB5}"
EndProject
Project("{FAE04EC0-301F-11D3-BF4B-00C04F79EFBC}") = "QuickBooksAPI.UnitTests", "tests\QuickBooksAPI.UnitTests\QuickBooksAPI.UnitTests.csproj", "{ED1D2659-5CA5-449D-A56F-0AEFAA41C65D}"
EndProject
Global
	GlobalSection(SolutionConfigurationPlatforms) = preSolution
		Debug|Any CPU = Debug|Any CPU
		Debug|x64 = Debug|x64
		Debug|x86 = Debug|x86
		Release|Any CPU = Release|Any CPU
		Release|x64 = Release|x64
		Release|x86 = Release|x86
	EndGlobalSection
	GlobalSection(ProjectConfigurationPlatforms) = postSolution
		{09BF2FA5-33B4-429F-9DED-783806689C72}.Debug|Any CPU.ActiveCfg = Debug|Any CPU
		{09BF2FA5-33B4-429F-9DED-783806689C72}.Debug|Any CPU.Build.0 = Debug|Any CPU
		{09BF2FA5-33B4-429F-9DED-783806689C72}.Debug|x64.ActiveCfg = Debug|Any CPU
		{09BF2FA5-33B4-429F-9DED-783806689C72}.Debug|x64.Build.0 = Debug|Any CPU
		{09BF2FA5-33B4-429F-9DED-783806689C72}.Debug|x86.ActiveCfg = Debug|Any CPU
		{09BF2FA5-33B4-429F-9DED-783806689C72}.Debug|x86.Build.0 = Debug|Any CPU
		{09BF2FA5-33B4-429F-9DED-783806689C72}.Release|Any CPU.ActiveCfg = Release|Any CPU
		{09BF2FA5-33B4-429F-9DED-783806689C72}.Release|Any CPU.Build.0 = Release|Any CPU
		{09BF2FA5-33B4-429F-9DED-783806689C72}.Release|x64.ActiveCfg = Release|Any CPU
		{09BF2FA5-33B4-429F-9DED-783806689C72}.Release|x64.Build.0 = Release|Any CPU
		{09BF2FA5-33B4-429F-9DED-783806689C72}.Release|x86.ActiveCfg = Release|Any CPU
		{09BF2FA5-33B4-429F-9DED-783806689C72}.Release|x86.Build.0 = Release|Any CPU
		{4ADC5B71-4D58-40FD-9538-38F9B367F926}.Debug|Any CPU.ActiveCfg = Debug|Any CPU
		{4ADC5B71-4D58-40FD-9538-38F9B367F926}.Debug|Any CPU.Build.0 = Debug|Any CPU
		{4ADC5B71-4D58-40FD-9538-38F9B367F926}.Debug|x64.ActiveCfg = Debug|Any CPU
		{4ADC5B71-4D58-40FD-9538-38F9B367F926}.Debug|x64.Build.0 = Debug|Any CPU
		{4ADC5B71-4D58-40FD-9538-38F9B367F926}.Debug|x86.ActiveCfg = Debug|Any CPU
		{4ADC5B71-4D58-40FD-9538-38F9B367F926}.Debug|x86.Build.0 = Debug|Any CPU
		{4ADC5B71-4D58-40FD-9538-38F9B367F926}.Release|Any CPU.ActiveCfg = Release|Any CPU
		{4ADC5B71-4D58-40FD-9538-38F9B367F926}.Release|Any CPU.Build.0 = Release|Any CPU
		{4ADC5B71-4D58-40FD-9538-38F9B367F926}.Release|x64.ActiveCfg = Release|Any CPU
		{4ADC5B71-4D58-40FD-9538-38F9B367F926}.Release|x64.Build.0 = Release|Any CPU
		{4ADC5B71-4D58-40FD-9538-38F9B367F926}.Release|x86.ActiveCfg = Release|Any CPU
		{4ADC5B71-4D58-40FD-9538-38F9B367F926}.Release|x86.Build.0 = Release|Any CPU
		{91367914-AA9B-4B41-B6A0-02742276D502}.Debug|Any CPU.ActiveCfg = Debug|Any CPU
		{91367914-AA9B-4B41-B6A0-02742276D502}.Debug|Any CPU.Build.0 = Debug|Any CPU
		{91367914-AA9B-4B41-B6A0-02742276D502}.Debug|x64.ActiveCfg = Debug|Any CPU
		{91367914-AA9B-4B41-B6A0-02742276D502}.Debug|x64.Build.0 = Debug|Any CPU
		{91367914-AA9B-4B41-B6A0-02742276D502}.Debug|x86.ActiveCfg = Debug|Any CPU
		{91367914-AA9B-4B41-B6A0-02742276D502}.Debug|x86.Build.0 = Debug|Any CPU
		{91367914-AA9B-4B41-B6A0-02742276D502}.Release|Any CPU.ActiveCfg = Release|Any CPU
		{91367914-AA9B-4B41-B6A0-02742276D502}.Release|Any CPU.Build.0 = Release|Any CPU
		{91367914-AA9B-4B41-B6A0-02742276D502}.Release|x64.ActiveCfg = Release|Any CPU
		{91367914-AA9B-4B41-B6A0-02742276D502}.Release|x64.Build.0 = Release|Any CPU
		{91367914-AA9B-4B41-B6A0-02742276D502}.Release|x86.ActiveCfg = Release|Any CPU
		{91367914-AA9B-4B41-B6A0-02742276D502}.Release|x86.Build.0 = Release|Any CPU
		{262125B4-8A1D-44A7-89E6-FBC5E851D267}.Debug|Any CPU.ActiveCfg = Debug|Any CPU
		{262125B4-8A1D-44A7-89E6-FBC5E851D267}.Debug|Any CPU.Build.0 = Debug|Any CPU
		{262125B4-8A1D-44A7-89E6-FBC5E851D267}.Debug|x64.ActiveCfg = Debug|Any CPU
		{262125B4-8A1D-44A7-89E6-FBC5E851D267}.Debug|x64.Build.0 = Debug|Any CPU
		{262125B4-8A1D-44A7-89E6-FBC5E851D267}.Debug|x86.ActiveCfg = Debug|Any CPU
		{262125B4-8A1D-44A7-89E6-FBC5E851D267}.Debug|x86.Build.0 = Debug|Any CPU
		{262125B4-8A1D-44A7-89E6-FBC5E851D267}.Release|Any CPU.ActiveCfg = Release|Any CPU
		{262125B4-8A1D-44A7-89E6-FBC5E851D267}.Release|Any CPU.Build.0 = Release|Any CPU
		{262125B4-8A1D-44A7-89E6-FBC5E851D267}.Release|x64.ActiveCfg = Release|Any CPU
		{262125B4-8A1D-44A7-89E6-FBC5E851D267}.Release|x64.Build.0 = Release|Any CPU
		{262125B4-8A1D-44A7-89E6-FBC5E851D267}.Release|x86.ActiveCfg = Release|Any CPU
		{262125B4-8A1D-44A7-89E6-FBC5E851D267}.Release|x86.Build.0 = Release|Any CPU
		{07DC7AE4-02DD-44F7-B4EF-DF437C2BFAB5}.Debug|Any CPU.ActiveCfg = Debug|Any CPU
		{07DC7AE4-02DD-44F7-B4EF-DF437C2BFAB5}.Debug|Any CPU.Build.0 = Debug|Any CPU
		{07DC7AE4-02DD-44F7-B4EF-DF437C2BFAB5}.Debug|x64.ActiveCfg = Debug|Any CPU
		{07DC7AE4-02DD-44F7-B4EF-DF437C2BFAB5}.Debug|x64.Build.0 = Debug|Any CPU
		{07DC7AE4-02DD-44F7-B4EF-DF437C2BFAB5}.Debug|x86.ActiveCfg = Debug|Any CPU
		{07DC7AE4-02DD-44F7-B4EF-DF437C2BFAB5}.Debug|x86.Build.0 = Debug|Any CPU
		{07DC7AE4-02DD-44F7-B4EF-DF437C2BFAB5}.Release|Any CPU.ActiveCfg = Release|Any CPU
		{07DC7AE4-02DD-44F7-B4EF-DF437C2BFAB5}.Release|Any CPU.Build.0 = Release|Any CPU
		{07DC7AE4-02DD-44F7-B4EF-DF437C2BFAB5}.Release|x64.ActiveCfg = Release|Any CPU
		{07DC7AE4-02DD-44F7-B4EF-DF437C2BFAB5}.Release|x64.Build.0 = Release|Any CPU
		{07DC7AE4-02DD-44F7-B4EF-DF437C2BFAB5}.Release|x86.ActiveCfg = Release|Any CPU
		{07DC7AE4-02DD-44F7-B4EF-DF437C2BFAB5}.Release|x86.Build.0 = Release|Any CPU
		{ED1D2659-5CA5-449D-A56F-0AEFAA41C65D}.Debug|Any CPU.ActiveCfg = Debug|Any CPU
		{ED1D2659-5CA5-449D-A56F-0AEFAA41C65D}.Debug|Any CPU.Build.0 = Debug|Any CPU
		{ED1D2659-5CA5-449D-A56F-0AEFAA41C65D}.Debug|x64.ActiveCfg = Debug|Any CPU
		{ED1D2659-5CA5-449D-A56F-0AEFAA41C65D}.Debug|x64.Build.0 = Debug|Any CPU
		{ED1D2659-5CA5-449D-A56F-0AEFAA41C65D}.Debug|x86.ActiveCfg = Debug|Any CPU
		{ED1D2659-5CA5-449D-A56F-0AEFAA41C65D}.Debug|x86.Build.0 = Debug|Any CPU
		{ED1D2659-5CA5-449D-A56F-0AEFAA41C65D}.Release|Any CPU.ActiveCfg = Release|Any CPU
		{ED1D2659-5CA5-449D-A56F-0AEFAA41C65D}.Release|Any CPU.Build.0 = Release|Any CPU
		{ED1D2659-5CA5-449D-A56F-0AEFAA41C65D}.Release|x64.ActiveCfg = Release|Any CPU
		{ED1D2659-5CA5-449D-A56F-0AEFAA41C65D}.Release|x64.Build.0 = Release|Any CPU
		{ED1D2659-5CA5-449D-A56F-0AEFAA41C65D}.Release|x86.ActiveCfg = Release|Any CPU
		{ED1D2659-5CA5-449D-A56F-0AEFAA41C65D}.Release|x86.Build.0 = Release|Any CPU
	EndGlobalSection
	GlobalSection(SolutionProperties) = preSolution
		HideSolutionNode = FALSE
	EndGlobalSection
	GlobalSection(NestedProjects) = preSolution
		{262125B4-8A1D-44A7-89E6-FBC5E851D267} = {0AB3BF05-4346-4AA6-1389-037BE0695223}
		{07DC7AE4-02DD-44F7-B4EF-DF437C2BFAB5} = {A73F2606-6D4C-3EEE-1759-0E59DCFEF523}
		{ED1D2659-5CA5-449D-A56F-0AEFAA41C65D} = {0AB3BF05-4346-4AA6-1389-037BE0695223}
	EndGlobalSection
	GlobalSection(ExtensibilityGlobals) = postSolution
		SolutionGuid = {2624D5C7-78EE-4987-B827-C0791475CB40}
	EndGlobalSection
EndGlobal
